# This file is autogenerated, do not edit; changes may be undone by the next 'dep ensure'.


[[projects]]
  name = "github.com/coreos/go-iptables"
  packages = ["iptables"]
  revision = "f901d6c2a4f2a4df092b98c33366dfba1f93d7a0"
  version = "v0.4.5"

[solve-meta]
  analyzer-name = "dep"
  analyzer-version = 1
  inputs-digest = "9e54ce919a07b4d2c0f054a4f50e3c4b24d2e321fcfc6eb65234d99ef97175f1"
  solver-name = "gps-cdcl"
  solver-version = 1
